// !$*UTF8*$!
{
	archiveVersion = 1;
	classes = {
	};
	objectVersion = 46;
	objects = {

/* Begin PBXBuildFile section */
		204C24466F39734459FCA1AE /* Pods_InVisionSwiftTests.framework in Frameworks */ = {isa = PBXBuildFile; fileRef = D2041480F7468C4A5C194C31 /* Pods_InVisionSwiftTests.framework */; };
		89ED56B695AD1EFF0AD83476 /* Pods_InVisionSwiftUITests.framework in Frameworks */ = {isa = PBXBuildFile; fileRef = 323D2937FE0197D0D2CF437E /* Pods_InVisionSwiftUITests.framework */; };
		B686E0911ED97AC2009AF5A0 /* ForgotPasswordViewController.swift in Sources */ = {isa = PBXBuildFile; fileRef = B686E0901ED97AC2009AF5A0 /* ForgotPasswordViewController.swift */; };
		B68EBF4E1ED416A300AFA084 /* ConnectionManager.swift in Sources */ = {isa = PBXBuildFile; fileRef = B68EBF4B1ED416A300AFA084 /* ConnectionManager.swift */; };
		B68EBF4F1ED416A300AFA084 /* Utilities.swift in Sources */ = {isa = PBXBuildFile; fileRef = B68EBF4C1ED416A300AFA084 /* Utilities.swift */; };
		B68EBF501ED416A300AFA084 /* DashboardTransitionAnimator.swift in Sources */ = {isa = PBXBuildFile; fileRef = B68EBF4D1ED416A300AFA084 /* DashboardTransitionAnimator.swift */; };
		B68EBF521ED4179C00AFA084 /* SignInViewController.swift in Sources */ = {isa = PBXBuildFile; fileRef = B68EBF511ED4179C00AFA084 /* SignInViewController.swift */; };
		B699E1251ED387B80023D378 /* AppDelegate.swift in Sources */ = {isa = PBXBuildFile; fileRef = B699E1241ED387B80023D378 /* AppDelegate.swift */; };
		B699E1271ED387B80023D378 /* ViewController.swift in Sources */ = {isa = PBXBuildFile; fileRef = B699E1261ED387B80023D378 /* ViewController.swift */; };
		B699E12A1ED387B80023D378 /* Main.storyboard in Resources */ = {isa = PBXBuildFile; fileRef = B699E1281ED387B80023D378 /* Main.storyboard */; };
		B699E12C1ED387B80023D378 /* Assets.xcassets in Resources */ = {isa = PBXBuildFile; fileRef = B699E12B1ED387B80023D378 /* Assets.xcassets */; };
		B699E12F1ED387B80023D378 /* LaunchScreen.storyboard in Resources */ = {isa = PBXBuildFile; fileRef = B699E12D1ED387B80023D378 /* LaunchScreen.storyboard */; };
		B699E13A1ED387B80023D378 /* InVisionSwiftTests.swift in Sources */ = {isa = PBXBuildFile; fileRef = B699E1391ED387B80023D378 /* InVisionSwiftTests.swift */; };
		B699E1451ED387B80023D378 /* InVisionSwiftUITests.swift in Sources */ = {isa = PBXBuildFile; fileRef = B699E1441ED387B80023D378 /* InVisionSwiftUITests.swift */; };
		B6C28F3C1EE09D690069DE84 /* Resource in Resources */ = {isa = PBXBuildFile; fileRef = B6C28F3B1EE09D690069DE84 /* Resource */; };
		B6C28F3E1EE0A6600069DE84 /* ItemTableViewCell.swift in Sources */ = {isa = PBXBuildFile; fileRef = B6C28F3D1EE0A6600069DE84 /* ItemTableViewCell.swift */; };
		B6C28F401EE0AA6B0069DE84 /* ItemHeadingCollectionViewCell.swift in Sources */ = {isa = PBXBuildFile; fileRef = B6C28F3F1EE0AA6B0069DE84 /* ItemHeadingCollectionViewCell.swift */; };
		B6C28F421EE0AA7C0069DE84 /* ItemDetailCollectionViewCell.swift in Sources */ = {isa = PBXBuildFile; fileRef = B6C28F411EE0AA7C0069DE84 /* ItemDetailCollectionViewCell.swift */; };
		B6C28F441EE0AA9E0069DE84 /* ReceiptTableViewCell.swift in Sources */ = {isa = PBXBuildFile; fileRef = B6C28F431EE0AA9E0069DE84 /* ReceiptTableViewCell.swift */; };
		B6C28F461EE0B5AD0069DE84 /* CheckOutViewController.swift in Sources */ = {isa = PBXBuildFile; fileRef = B6C28F451EE0B5AD0069DE84 /* CheckOutViewController.swift */; };
		E8E8B30F54935FE55B6351D5 /* Pods_InVisionSwift.framework in Frameworks */ = {isa = PBXBuildFile; fileRef = 9E8889FF6C7ED4D22D490FD0 /* Pods_InVisionSwift.framework */; };
/* End PBXBuildFile section */

/* Begin PBXContainerItemProxy section */
		B699E1361ED387B80023D378 /* PBXContainerItemProxy */ = {
			isa = PBXContainerItemProxy;
			containerPortal = B699E1191ED387B80023D378 /* Project object */;
			proxyType = 1;
			remoteGlobalIDString = B699E1201ED387B80023D378;
			remoteInfo = InVisionSwift;
		};
		B699E1411ED387B80023D378 /* PBXContainerItemProxy */ = {
			isa = PBXContainerItemProxy;
			containerPortal = B699E1191ED387B80023D378 /* Project object */;
			proxyType = 1;
			remoteGlobalIDString = B699E1201ED387B80023D378;
			remoteInfo = InVisionSwift;
		};
/* End PBXContainerItemProxy section */

/* Begin PBXFileReference section */
		0797CFFFC41CF8767315BF91 /* Pods-InVisionSwiftUITests.debug.xcconfig */ = {isa = PBXFileReference; includeInIndex = 1; lastKnownFileType = text.xcconfig; name = "Pods-InVisionSwiftUITests.debug.xcconfig"; path = "Pods/Target Support Files/Pods-InVisionSwiftUITests/Pods-InVisionSwiftUITests.debug.xcconfig"; sourceTree = "<group>"; };
		323D2937FE0197D0D2CF437E /* Pods_InVisionSwiftUITests.framework */ = {isa = PBXFileReference; explicitFileType = wrapper.framework; includeInIndex = 0; path = Pods_InVisionSwiftUITests.framework; sourceTree = BUILT_PRODUCTS_DIR; };
		59D31B8F39243EEC0256554E /* Pods-InVisionSwift.debug.xcconfig */ = {isa = PBXFileReference; includeInIndex = 1; lastKnownFileType = text.xcconfig; name = "Pods-InVisionSwift.debug.xcconfig"; path = "Pods/Target Support Files/Pods-InVisionSwift/Pods-InVisionSwift.debug.xcconfig"; sourceTree = "<group>"; };
		6414F686A9A898A9DFF6A9CB /* Pods-InVisionSwiftUITests.release.xcconfig */ = {isa = PBXFileReference; includeInIndex = 1; lastKnownFileType = text.xcconfig; name = "Pods-InVisionSwiftUITests.release.xcconfig"; path = "Pods/Target Support Files/Pods-InVisionSwiftUITests/Pods-InVisionSwiftUITests.release.xcconfig"; sourceTree = "<group>"; };
		6EFAC98494ECBD1434249A65 /* Pods-InVisionSwiftTests.release.xcconfig */ = {isa = PBXFileReference; includeInIndex = 1; lastKnownFileType = text.xcconfig; name = "Pods-InVisionSwiftTests.release.xcconfig"; path = "Pods/Target Support Files/Pods-InVisionSwiftTests/Pods-InVisionSwiftTests.release.xcconfig"; sourceTree = "<group>"; };
		9E8889FF6C7ED4D22D490FD0 /* Pods_InVisionSwift.framework */ = {isa = PBXFileReference; explicitFileType = wrapper.framework; includeInIndex = 0; path = Pods_InVisionSwift.framework; sourceTree = BUILT_PRODUCTS_DIR; };
		B686E0901ED97AC2009AF5A0 /* ForgotPasswordViewController.swift */ = {isa = PBXFileReference; fileEncoding = 4; lastKnownFileType = sourcecode.swift; path = ForgotPasswordViewController.swift; sourceTree = "<group>"; };
		B68EBF4B1ED416A300AFA084 /* ConnectionManager.swift */ = {isa = PBXFileReference; fileEncoding = 4; lastKnownFileType = sourcecode.swift; path = ConnectionManager.swift; sourceTree = "<group>"; };
		B68EBF4C1ED416A300AFA084 /* Utilities.swift */ = {isa = PBXFileReference; fileEncoding = 4; lastKnownFileType = sourcecode.swift; path = Utilities.swift; sourceTree = "<group>"; };
		B68EBF4D1ED416A300AFA084 /* DashboardTransitionAnimator.swift */ = {isa = PBXFileReference; fileEncoding = 4; lastKnownFileType = sourcecode.swift; path = DashboardTransitionAnimator.swift; sourceTree = "<group>"; };
		B68EBF511ED4179C00AFA084 /* SignInViewController.swift */ = {isa = PBXFileReference; fileEncoding = 4; lastKnownFileType = sourcecode.swift; path = SignInViewController.swift; sourceTree = "<group>"; };
		B699E1211ED387B80023D378 /* InVisionSwift.app */ = {isa = PBXFileReference; explicitFileType = wrapper.application; includeInIndex = 0; path = InVisionSwift.app; sourceTree = BUILT_PRODUCTS_DIR; };
		B699E1241ED387B80023D378 /* AppDelegate.swift */ = {isa = PBXFileReference; lastKnownFileType = sourcecode.swift; path = AppDelegate.swift; sourceTree = "<group>"; };
		B699E1261ED387B80023D378 /* ViewController.swift */ = {isa = PBXFileReference; lastKnownFileType = sourcecode.swift; path = ViewController.swift; sourceTree = "<group>"; };
		B699E1291ED387B80023D378 /* Base */ = {isa = PBXFileReference; lastKnownFileType = file.storyboard; name = Base; path = Base.lproj/Main.storyboard; sourceTree = "<group>"; };
		B699E12B1ED387B80023D378 /* Assets.xcassets */ = {isa = PBXFileReference; lastKnownFileType = folder.assetcatalog; path = Assets.xcassets; sourceTree = "<group>"; };
		B699E12E1ED387B80023D378 /* Base */ = {isa = PBXFileReference; lastKnownFileType = file.storyboard; name = Base; path = Base.lproj/LaunchScreen.storyboard; sourceTree = "<group>"; };
		B699E1301ED387B80023D378 /* Info.plist */ = {isa = PBXFileReference; lastKnownFileType = text.plist.xml; path = Info.plist; sourceTree = "<group>"; };
		B699E1351ED387B80023D378 /* InVisionSwiftTests.xctest */ = {isa = PBXFileReference; explicitFileType = wrapper.cfbundle; includeInIndex = 0; path = InVisionSwiftTests.xctest; sourceTree = BUILT_PRODUCTS_DIR; };
		B699E1391ED387B80023D378 /* InVisionSwiftTests.swift */ = {isa = PBXFileReference; lastKnownFileType = sourcecode.swift; path = InVisionSwiftTests.swift; sourceTree = "<group>"; };
		B699E13B1ED387B80023D378 /* Info.plist */ = {isa = PBXFileReference; lastKnownFileType = text.plist.xml; path = Info.plist; sourceTree = "<group>"; };
		B699E1401ED387B80023D378 /* InVisionSwiftUITests.xctest */ = {isa = PBXFileReference; explicitFileType = wrapper.cfbundle; includeInIndex = 0; path = InVisionSwiftUITests.xctest; sourceTree = BUILT_PRODUCTS_DIR; };
		B699E1441ED387B80023D378 /* InVisionSwiftUITests.swift */ = {isa = PBXFileReference; lastKnownFileType = sourcecode.swift; path = InVisionSwiftUITests.swift; sourceTree = "<group>"; };
		B699E1461ED387B80023D378 /* Info.plist */ = {isa = PBXFileReference; lastKnownFileType = text.plist.xml; path = Info.plist; sourceTree = "<group>"; };
		B6C28F3B1EE09D690069DE84 /* Resource */ = {isa = PBXFileReference; lastKnownFileType = folder; path = Resource; sourceTree = "<group>"; };
		B6C28F3D1EE0A6600069DE84 /* ItemTableViewCell.swift */ = {isa = PBXFileReference; fileEncoding = 4; lastKnownFileType = sourcecode.swift; path = ItemTableViewCell.swift; sourceTree = "<group>"; };
		B6C28F3F1EE0AA6B0069DE84 /* ItemHeadingCollectionViewCell.swift */ = {isa = PBXFileReference; fileEncoding = 4; lastKnownFileType = sourcecode.swift; path = ItemHeadingCollectionViewCell.swift; sourceTree = "<group>"; };
		B6C28F411EE0AA7C0069DE84 /* ItemDetailCollectionViewCell.swift */ = {isa = PBXFileReference; fileEncoding = 4; lastKnownFileType = sourcecode.swift; path = ItemDetailCollectionViewCell.swift; sourceTree = "<group>"; };
		B6C28F431EE0AA9E0069DE84 /* ReceiptTableViewCell.swift */ = {isa = PBXFileReference; fileEncoding = 4; lastKnownFileType = sourcecode.swift; path = ReceiptTableViewCell.swift; sourceTree = "<group>"; };
		B6C28F451EE0B5AD0069DE84 /* CheckOutViewController.swift */ = {isa = PBXFileReference; fileEncoding = 4; lastKnownFileType = sourcecode.swift; path = CheckOutViewController.swift; sourceTree = "<group>"; };
		BCE1FB8B7249DEE7B51836E5 /* Pods-InVisionSwift.release.xcconfig */ = {isa = PBXFileReference; includeInIndex = 1; lastKnownFileType = text.xcconfig; name = "Pods-InVisionSwift.release.xcconfig"; path = "Pods/Target Support Files/Pods-InVisionSwift/Pods-InVisionSwift.release.xcconfig"; sourceTree = "<group>"; };
		C1C761A9D2C72E2E1B349654 /* Pods-InVisionSwiftTests.debug.xcconfig */ = {isa = PBXFileReference; includeInIndex = 1; lastKnownFileType = text.xcconfig; name = "Pods-InVisionSwiftTests.debug.xcconfig"; path = "Pods/Target Support Files/Pods-InVisionSwiftTests/Pods-InVisionSwiftTests.debug.xcconfig"; sourceTree = "<group>"; };
		D2041480F7468C4A5C194C31 /* Pods_InVisionSwiftTests.framework */ = {isa = PBXFileReference; explicitFileType = wrapper.framework; includeInIndex = 0; path = Pods_InVisionSwiftTests.framework; sourceTree = BUILT_PRODUCTS_DIR; };
/* End PBXFileReference section */

/* Begin PBXFrameworksBuildPhase section */
		B699E11E1ED387B80023D378 /* Frameworks */ = {
			isa = PBXFrameworksBuildPhase;
			buildActionMask = 2147483647;
			files = (
				E8E8B30F54935FE55B6351D5 /* Pods_InVisionSwift.framework in Frameworks */,
			);
			runOnlyForDeploymentPostprocessing = 0;
		};
		B699E1321ED387B80023D378 /* Frameworks */ = {
			isa = PBXFrameworksBuildPhase;
			buildActionMask = 2147483647;
			files = (
				204C24466F39734459FCA1AE /* Pods_InVisionSwiftTests.framework in Frameworks */,
			);
			runOnlyForDeploymentPostprocessing = 0;
		};
		B699E13D1ED387B80023D378 /* Frameworks */ = {
			isa = PBXFrameworksBuildPhase;
			buildActionMask = 2147483647;
			files = (
				89ED56B695AD1EFF0AD83476 /* Pods_InVisionSwiftUITests.framework in Frameworks */,
			);
			runOnlyForDeploymentPostprocessing = 0;
		};
/* End PBXFrameworksBuildPhase section */

/* Begin PBXGroup section */
		0459D44B1CB349654DA570E2 /* Pods */ = {
			isa = PBXGroup;
			children = (
				59D31B8F39243EEC0256554E /* Pods-InVisionSwift.debug.xcconfig */,
				BCE1FB8B7249DEE7B51836E5 /* Pods-InVisionSwift.release.xcconfig */,
				C1C761A9D2C72E2E1B349654 /* Pods-InVisionSwiftTests.debug.xcconfig */,
				6EFAC98494ECBD1434249A65 /* Pods-InVisionSwiftTests.release.xcconfig */,
				0797CFFFC41CF8767315BF91 /* Pods-InVisionSwiftUITests.debug.xcconfig */,
				6414F686A9A898A9DFF6A9CB /* Pods-InVisionSwiftUITests.release.xcconfig */,
			);
			name = Pods;
			sourceTree = "<group>";
		};
		4A2E34B3088918688F093132 /* Frameworks */ = {
			isa = PBXGroup;
			children = (
				9E8889FF6C7ED4D22D490FD0 /* Pods_InVisionSwift.framework */,
				D2041480F7468C4A5C194C31 /* Pods_InVisionSwiftTests.framework */,
				323D2937FE0197D0D2CF437E /* Pods_InVisionSwiftUITests.framework */,
			);
			name = Frameworks;
			sourceTree = "<group>";
		};
		B68EBF4A1ED4169300AFA084 /* Utilities */ = {
			isa = PBXGroup;
			children = (
				B68EBF4B1ED416A300AFA084 /* ConnectionManager.swift */,
				B68EBF4C1ED416A300AFA084 /* Utilities.swift */,
				B68EBF4D1ED416A300AFA084 /* DashboardTransitionAnimator.swift */,
			);
			name = Utilities;
			sourceTree = "<group>";
		};
		B699E1181ED387B80023D378 = {
			isa = PBXGroup;
			children = (
				B699E1231ED387B80023D378 /* InVisionSwift */,
				B699E1381ED387B80023D378 /* InVisionSwiftTests */,
				B699E1431ED387B80023D378 /* InVisionSwiftUITests */,
				B699E1221ED387B80023D378 /* Products */,
				0459D44B1CB349654DA570E2 /* Pods */,
				4A2E34B3088918688F093132 /* Frameworks */,
				B6C28F3B1EE09D690069DE84 /* Resource */,
			);
			sourceTree = "<group>";
		};
		B699E1221ED387B80023D378 /* Products */ = {
			isa = PBXGroup;
			children = (
				B699E1211ED387B80023D378 /* InVisionSwift.app */,
				B699E1351ED387B80023D378 /* InVisionSwiftTests.xctest */,
				B699E1401ED387B80023D378 /* InVisionSwiftUITests.xctest */,
			);
			name = Products;
			sourceTree = "<group>";
		};
		B699E1231ED387B80023D378 /* InVisionSwift */ = {
			isa = PBXGroup;
			children = (
				B699E1241ED387B80023D378 /* AppDelegate.swift */,
				B699E1261ED387B80023D378 /* ViewController.swift */,
				B6C28F451EE0B5AD0069DE84 /* CheckOutViewController.swift */,
				B686E0901ED97AC2009AF5A0 /* ForgotPasswordViewController.swift */,
				B68EBF511ED4179C00AFA084 /* SignInViewController.swift */,
				B6C28F3D1EE0A6600069DE84 /* ItemTableViewCell.swift */,
				B6C28F411EE0AA7C0069DE84 /* ItemDetailCollectionViewCell.swift */,
				B6C28F3F1EE0AA6B0069DE84 /* ItemHeadingCollectionViewCell.swift */,
				B6C28F431EE0AA9E0069DE84 /* ReceiptTableViewCell.swift */,
				B699E1281ED387B80023D378 /* Main.storyboard */,
				B699E12B1ED387B80023D378 /* Assets.xcassets */,
				B699E12D1ED387B80023D378 /* LaunchScreen.storyboard */,
				B699E1301ED387B80023D378 /* Info.plist */,
				B68EBF4A1ED4169300AFA084 /* Utilities */,
			);
			path = InVisionSwift;
			sourceTree = "<group>";
		};
		B699E1381ED387B80023D378 /* InVisionSwiftTests */ = {
			isa = PBXGroup;
			children = (
				B699E1391ED387B80023D378 /* InVisionSwiftTests.swift */,
				B699E13B1ED387B80023D378 /* Info.plist */,
			);
			path = InVisionSwiftTests;
			sourceTree = "<group>";
		};
		B699E1431ED387B80023D378 /* InVisionSwiftUITests */ = {
			isa = PBXGroup;
			children = (
				B699E1441ED387B80023D378 /* InVisionSwiftUITests.swift */,
				B699E1461ED387B80023D378 /* Info.plist */,
			);
			path = InVisionSwiftUITests;
			sourceTree = "<group>";
		};
/* End PBXGroup section */

/* Begin PBXNativeTarget section */
		B699E1201ED387B80023D378 /* InVisionSwift */ = {
			isa = PBXNativeTarget;
			buildConfigurationList = B699E1491ED387B80023D378 /* Build configuration list for PBXNativeTarget "InVisionSwift" */;
			buildPhases = (
				530FD0DA879D77C6E9C4A219 /* [CP] Check Pods Manifest.lock */,
				B699E11D1ED387B80023D378 /* Sources */,
				B699E11E1ED387B80023D378 /* Frameworks */,
				B699E11F1ED387B80023D378 /* Resources */,
				6A24658534FC3C1F837A3ACA /* [CP] Embed Pods Frameworks */,
				1B5C178FBC02329867F4914A /* [CP] Copy Pods Resources */,
			);
			buildRules = (
			);
			dependencies = (
			);
			name = InVisionSwift;
			productName = InVisionSwift;
			productReference = B699E1211ED387B80023D378 /* InVisionSwift.app */;
			productType = "com.apple.product-type.application";
		};
		B699E1341ED387B80023D378 /* InVisionSwiftTests */ = {
			isa = PBXNativeTarget;
			buildConfigurationList = B699E14C1ED387B80023D378 /* Build configuration list for PBXNativeTarget "InVisionSwiftTests" */;
			buildPhases = (
				2669F10E5E2AE9016D830959 /* [CP] Check Pods Manifest.lock */,
				B699E1311ED387B80023D378 /* Sources */,
				B699E1321ED387B80023D378 /* Frameworks */,
				B699E1331ED387B80023D378 /* Resources */,
				1E6F607F8C34CB39F1BF0E36 /* [CP] Embed Pods Frameworks */,
				ABA63B81596B034F6F32C243 /* [CP] Copy Pods Resources */,
			);
			buildRules = (
			);
			dependencies = (
				B699E1371ED387B80023D378 /* PBXTargetDependency */,
			);
			name = InVisionSwiftTests;
			productName = InVisionSwiftTests;
			productReference = B699E1351ED387B80023D378 /* InVisionSwiftTests.xctest */;
			productType = "com.apple.product-type.bundle.unit-test";
		};
		B699E13F1ED387B80023D378 /* InVisionSwiftUITests */ = {
			isa = PBXNativeTarget;
			buildConfigurationList = B699E14F1ED387B80023D378 /* Build configuration list for PBXNativeTarget "InVisionSwiftUITests" */;
			buildPhases = (
				F2BABB91E9595EDB8C2A2868 /* [CP] Check Pods Manifest.lock */,
				B699E13C1ED387B80023D378 /* Sources */,
				B699E13D1ED387B80023D378 /* Frameworks */,
				B699E13E1ED387B80023D378 /* Resources */,
				670A6D23421F77BF0220146D /* [CP] Embed Pods Frameworks */,
				6495F7E36C33F41695A98D53 /* [CP] Copy Pods Resources */,
			);
			buildRules = (
			);
			dependencies = (
				B699E1421ED387B80023D378 /* PBXTargetDependency */,
			);
			name = InVisionSwiftUITests;
			productName = InVisionSwiftUITests;
			productReference = B699E1401ED387B80023D378 /* InVisionSwiftUITests.xctest */;
			productType = "com.apple.product-type.bundle.ui-testing";
		};
/* End PBXNativeTarget section */

/* Begin PBXProject section */
		B699E1191ED387B80023D378 /* Project object */ = {
			isa = PBXProject;
			attributes = {
				LastSwiftUpdateCheck = 0830;
				LastUpgradeCheck = 0830;
				ORGANIZATIONNAME = "Manas Mishra";
				TargetAttributes = {
					B699E1201ED387B80023D378 = {
						CreatedOnToolsVersion = 8.3.2;
						DevelopmentTeam = 4N9DB5EG8S;
						ProvisioningStyle = Manual;
					};
					B699E1341ED387B80023D378 = {
						CreatedOnToolsVersion = 8.3.2;
						ProvisioningStyle = Automatic;
						TestTargetID = B699E1201ED387B80023D378;
					};
					B699E13F1ED387B80023D378 = {
						CreatedOnToolsVersion = 8.3.2;
						ProvisioningStyle = Automatic;
						TestTargetID = B699E1201ED387B80023D378;
					};
				};
			};
			buildConfigurationList = B699E11C1ED387B80023D378 /* Build configuration list for PBXProject "InVisionSwift" */;
			compatibilityVersion = "Xcode 3.2";
			developmentRegion = English;
			hasScannedForEncodings = 0;
			knownRegions = (
				en,
				Base,
			);
			mainGroup = B699E1181ED387B80023D378;
			productRefGroup = B699E1221ED387B80023D378 /* Products */;
			projectDirPath = "";
			projectRoot = "";
			targets = (
				B699E1201ED387B80023D378 /* InVisionSwift */,
				B699E1341ED387B80023D378 /* InVisionSwiftTests */,
				B699E13F1ED387B80023D378 /* InVisionSwiftUITests */,
			);
		};
/* End PBXProject section */

/* Begin PBXResourcesBuildPhase section */
		B699E11F1ED387B80023D378 /* Resources */ = {
			isa = PBXResourcesBuildPhase;
			buildActionMask = 2147483647;
			files = (
				B6C28F3C1EE09D690069DE84 /* Resource in Resources */,
				B699E12F1ED387B80023D378 /* LaunchScreen.storyboard in Resources */,
				B699E12C1ED387B80023D378 /* Assets.xcassets in Resources */,
				B699E12A1ED387B80023D378 /* Main.storyboard in Resources */,
			);
			runOnlyForDeploymentPostprocessing = 0;
		};
		B699E1331ED387B80023D378 /* Resources */ = {
			isa = PBXResourcesBuildPhase;
			buildActionMask = 2147483647;
			files = (
			);
			runOnlyForDeploymentPostprocessing = 0;
		};
		B699E13E1ED387B80023D378 /* Resources */ = {
			isa = PBXResourcesBuildPhase;
			buildActionMask = 2147483647;
			files = (
			);
			runOnlyForDeploymentPostprocessing = 0;
		};
/* End PBXResourcesBuildPhase section */

/* Begin PBXShellScriptBuildPhase section */
		1B5C178FBC02329867F4914A /* [CP] Copy Pods Resources */ = {
			isa = PBXShellScriptBuildPhase;
			buildActionMask = 2147483647;
			files = (
			);
			inputPaths = (
			);
			name = "[CP] Copy Pods Resources";
			outputPaths = (
			);
			runOnlyForDeploymentPostprocessing = 0;
			shellPath = /bin/sh;
			shellScript = "\"${SRCROOT}/Pods/Target Support Files/Pods-InVisionSwift/Pods-InVisionSwift-resources.sh\"\n";
			showEnvVarsInLog = 0;
		};
		1E6F607F8C34CB39F1BF0E36 /* [CP] Embed Pods Frameworks */ = {
			isa = PBXShellScriptBuildPhase;
			buildActionMask = 2147483647;
			files = (
			);
			inputPaths = (
			);
			name = "[CP] Embed Pods Frameworks";
			outputPaths = (
			);
			runOnlyForDeploymentPostprocessing = 0;
			shellPath = /bin/sh;
			shellScript = "\"${SRCROOT}/Pods/Target Support Files/Pods-InVisionSwiftTests/Pods-InVisionSwiftTests-frameworks.sh\"\n";
			showEnvVarsInLog = 0;
		};
		2669F10E5E2AE9016D830959 /* [CP] Check Pods Manifest.lock */ = {
			isa = PBXShellScriptBuildPhase;
			buildActionMask = 2147483647;
			files = (
			);
			inputPaths = (
			);
			name = "[CP] Check Pods Manifest.lock";
			outputPaths = (
			);
			runOnlyForDeploymentPostprocessing = 0;
			shellPath = /bin/sh;
			shellScript = "diff \"${PODS_PODFILE_DIR_PATH}/Podfile.lock\" \"${PODS_ROOT}/Manifest.lock\" > /dev/null\nif [ $? != 0 ] ; then\n    # print error to STDERR\n    echo \"error: The sandbox is not in sync with the Podfile.lock. Run 'pod install' or update your CocoaPods installation.\" >&2\n    exit 1\nfi\n";
			showEnvVarsInLog = 0;
		};
		530FD0DA879D77C6E9C4A219 /* [CP] Check Pods Manifest.lock */ = {
			isa = PBXShellScriptBuildPhase;
			buildActionMask = 2147483647;
			files = (
			);
			inputPaths = (
			);
			name = "[CP] Check Pods Manifest.lock";
			outputPaths = (
			);
			runOnlyForDeploymentPostprocessing = 0;
			shellPath = /bin/sh;
			shellScript = "diff \"${PODS_PODFILE_DIR_PATH}/Podfile.lock\" \"${PODS_ROOT}/Manifest.lock\" > /dev/null\nif [ $? != 0 ] ; then\n    # print error to STDERR\n    echo \"error: The sandbox is not in sync with the Podfile.lock. Run 'pod install' or update your CocoaPods installation.\" >&2\n    exit 1\nfi\n";
			showEnvVarsInLog = 0;
		};
		6495F7E36C33F41695A98D53 /* [CP] Copy Pods Resources */ = {
			isa = PBXShellScriptBuildPhase;
			buildActionMask = 2147483647;
			files = (
			);
			inputPaths = (
			);
			name = "[CP] Copy Pods Resources";
			outputPaths = (
			);
			runOnlyForDeploymentPostprocessing = 0;
			shellPath = /bin/sh;
			shellScript = "\"${SRCROOT}/Pods/Target Support Files/Pods-InVisionSwiftUITests/Pods-InVisionSwiftUITests-resources.sh\"\n";
			showEnvVarsInLog = 0;
		};
		670A6D23421F77BF0220146D /* [CP] Embed Pods Frameworks */ = {
			isa = PBXShellScriptBuildPhase;
			buildActionMask = 2147483647;
			files = (
			);
			inputPaths = (
			);
			name = "[CP] Embed Pods Frameworks";
			outputPaths = (
			);
			runOnlyForDeploymentPostprocessing = 0;
			shellPath = /bin/sh;
			shellScript = "\"${SRCROOT}/Pods/Target Support Files/Pods-InVisionSwiftUITests/Pods-InVisionSwiftUITests-frameworks.sh\"\n";
			showEnvVarsInLog = 0;
		};
		6A24658534FC3C1F837A3ACA /* [CP] Embed Pods Frameworks */ = {
			isa = PBXShellScriptBuildPhase;
			buildActionMask = 2147483647;
			files = (
			);
			inputPaths = (
			);
			name = "[CP] Embed Pods Frameworks";
			outputPaths = (
			);
			runOnlyForDeploymentPostprocessing = 0;
			shellPath = /bin/sh;
			shellScript = "\"${SRCROOT}/Pods/Target Support Files/Pods-InVisionSwift/Pods-InVisionSwift-frameworks.sh\"\n";
			showEnvVarsInLog = 0;
		};
		ABA63B81596B034F6F32C243 /* [CP] Copy Pods Resources */ = {
			isa = PBXShellScriptBuildPhase;
			buildActionMask = 2147483647;
			files = (
			);
			inputPaths = (
			);
			name = "[CP] Copy Pods Resources";
			outputPaths = (
			);
			runOnlyForDeploymentPostprocessing = 0;
			shellPath = /bin/sh;
			shellScript = "\"${SRCROOT}/Pods/Target Support Files/Pods-InVisionSwiftTests/Pods-InVisionSwiftTests-resources.sh\"\n";
			showEnvVarsInLog = 0;
		};
		F2BABB91E9595EDB8C2A2868 /* [CP] Check Pods Manifest.lock */ = {
			isa = PBXShellScriptBuildPhase;
			buildActionMask = 2147483647;
			files = (
			);
			inputPaths = (
			);
			name = "[CP] Check Pods Manifest.lock";
			outputPaths = (
			);
			runOnlyForDeploymentPostprocessing = 0;
			shellPath = /bin/sh;
			shellScript = "diff \"${PODS_PODFILE_DIR_PATH}/Podfile.lock\" \"${PODS_ROOT}/Manifest.lock\" > /dev/null\nif [ $? != 0 ] ; then\n    # print error to STDERR\n    echo \"error: The sandbox is not in sync with the Podfile.lock. Run 'pod install' or update your CocoaPods installation.\" >&2\n    exit 1\nfi\n";
			showEnvVarsInLog = 0;
		};
/* End PBXShellScriptBuildPhase section */

/* Begin PBXSourcesBuildPhase section */
		B699E11D1ED387B80023D378 /* Sources */ = {
			isa = PBXSourcesBuildPhase;
			buildActionMask = 2147483647;
			files = (
				B6C28F461EE0B5AD0069DE84 /* CheckOutViewController.swift in Sources */,
				B6C28F401EE0AA6B0069DE84 /* ItemHeadingCollectionViewCell.swift in Sources */,
				B68EBF501ED416A300AFA084 /* DashboardTransitionAnimator.swift in Sources */,
				B686E0911ED97AC2009AF5A0 /* ForgotPasswordViewController.swift in Sources */,
				B699E1271ED387B80023D378 /* ViewController.swift in Sources */,
				B6C28F421EE0AA7C0069DE84 /* ItemDetailCollectionViewCell.swift in Sources */,
				B68EBF521ED4179C00AFA084 /* SignInViewController.swift in Sources */,
				B6C28F3E1EE0A6600069DE84 /* ItemTableViewCell.swift in Sources */,
				B68EBF4E1ED416A300AFA084 /* ConnectionManager.swift in Sources */,
				B68EBF4F1ED416A300AFA084 /* Utilities.swift in Sources */,
				B6C28F441EE0AA9E0069DE84 /* ReceiptTableViewCell.swift in Sources */,
				B699E1251ED387B80023D378 /* AppDelegate.swift in Sources */,
			);
			runOnlyForDeploymentPostprocessing = 0;
		};
		B699E1311ED387B80023D378 /* Sources */ = {
			isa = PBXSourcesBuildPhase;
			buildActionMask = 2147483647;
			files = (
				B699E13A1ED387B80023D378 /* InVisionSwiftTests.swift in Sources */,
			);
			runOnlyForDeploymentPostprocessing = 0;
		};
		B699E13C1ED387B80023D378 /* Sources */ = {
			isa = PBXSourcesBuildPhase;
			buildActionMask = 2147483647;
			files = (
				B699E1451ED387B80023D378 /* InVisionSwiftUITests.swift in Sources */,
			);
			runOnlyForDeploymentPostprocessing = 0;
		};
/* End PBXSourcesBuildPhase section */

/* Begin PBXTargetDependency section */
		B699E1371ED387B80023D378 /* PBXTargetDependency */ = {
			isa = PBXTargetDependency;
			target = B699E1201ED387B80023D378 /* InVisionSwift */;
			targetProxy = B699E1361ED387B80023D378 /* PBXContainerItemProxy */;
		};
		B699E1421ED387B80023D378 /* PBXTargetDependency */ = {
			isa = PBXTargetDependency;
			target = B699E1201ED387B80023D378 /* InVisionSwift */;
			targetProxy = B699E1411ED387B80023D378 /* PBXContainerItemProxy */;
		};
/* End PBXTargetDependency section */

/* Begin PBXVariantGroup section */
		B699E1281ED387B80023D378 /* Main.storyboard */ = {
			isa = PBXVariantGroup;
			children = (
				B699E1291ED387B80023D378 /* Base */,
			);
			name = Main.storyboard;
			sourceTree = "<group>";
		};
		B699E12D1ED387B80023D378 /* LaunchScreen.storyboard */ = {
			isa = PBXVariantGroup;
			children = (
				B699E12E1ED387B80023D378 /* Base */,
			);
			name = LaunchScreen.storyboard;
			sourceTree = "<group>";
		};
/* End PBXVariantGroup section */

/* Begin XCBuildConfiguration section */
		B699E1471ED387B80023D378 /* Debug */ = {
			isa = XCBuildConfiguration;
			buildSettings = {
				ALWAYS_SEARCH_USER_PATHS = NO;
				CLANG_ANALYZER_NONNULL = YES;
				CLANG_ANALYZER_NUMBER_OBJECT_CONVERSION = YES_AGGRESSIVE;
				CLANG_CXX_LANGUAGE_STANDARD = "gnu++0x";
				CLANG_CXX_LIBRARY = "libc++";
				CLANG_ENABLE_MODULES = YES;
				CLANG_ENABLE_OBJC_ARC = YES;
				CLANG_WARN_BOOL_CONVERSION = YES;
				CLANG_WARN_CONSTANT_CONVERSION = YES;
				CLANG_WARN_DIRECT_OBJC_ISA_USAGE = YES_ERROR;
				CLANG_WARN_DOCUMENTATION_COMMENTS = YES;
				CLANG_WARN_EMPTY_BODY = YES;
				CLANG_WARN_ENUM_CONVERSION = YES;
				CLANG_WARN_INFINITE_RECURSION = YES;
				CLANG_WARN_INT_CONVERSION = YES;
				CLANG_WARN_OBJC_ROOT_CLASS = YES_ERROR;
				CLANG_WARN_SUSPICIOUS_MOVE = YES;
				CLANG_WARN_UNREACHABLE_CODE = YES;
				CLANG_WARN__DUPLICATE_METHOD_MATCH = YES;
				"CODE_SIGN_IDENTITY[sdk=iphoneos*]" = "iPhone Developer";
				COPY_PHASE_STRIP = NO;
				DEBUG_INFORMATION_FORMAT = dwarf;
				ENABLE_STRICT_OBJC_MSGSEND = YES;
				ENABLE_TESTABILITY = YES;
				GCC_C_LANGUAGE_STANDARD = gnu99;
				GCC_DYNAMIC_NO_PIC = NO;
				GCC_NO_COMMON_BLOCKS = YES;
				GCC_OPTIMIZATION_LEVEL = 0;
				GCC_PREPROCESSOR_DEFINITIONS = (
					"DEBUG=1",
					"$(inherited)",
				);
				GCC_WARN_64_TO_32_BIT_CONVERSION = YES;
				GCC_WARN_ABOUT_RETURN_TYPE = YES_ERROR;
				GCC_WARN_UNDECLARED_SELECTOR = YES;
				GCC_WARN_UNINITIALIZED_AUTOS = YES_AGGRESSIVE;
				GCC_WARN_UNUSED_FUNCTION = YES;
				GCC_WARN_UNUSED_VARIABLE = YES;
				IPHONEOS_DEPLOYMENT_TARGET = 10.3;
				MTL_ENABLE_DEBUG_INFO = YES;
				ONLY_ACTIVE_ARCH = YES;
				SDKROOT = iphoneos;
				SWIFT_ACTIVE_COMPILATION_CONDITIONS = DEBUG;
				SWIFT_OPTIMIZATION_LEVEL = "-Onone";
				TARGETED_DEVICE_FAMILY = 2;
			};
			name = Debug;
		};
		B699E1481ED387B80023D378 /* Release */ = {
			isa = XCBuildConfiguration;
			buildSettings = {
				ALWAYS_SEARCH_USER_PATHS = NO;
				CLANG_ANALYZER_NONNULL = YES;
				CLANG_ANALYZER_NUMBER_OBJECT_CONVERSION = YES_AGGRESSIVE;
				CLANG_CXX_LANGUAGE_STANDARD = "gnu++0x";
				CLANG_CXX_LIBRARY = "libc++";
				CLANG_ENABLE_MODULES = YES;
				CLANG_ENABLE_OBJC_ARC = YES;
				CLANG_WARN_BOOL_CONVERSION = YES;
				CLANG_WARN_CONSTANT_CONVERSION = YES;
				CLANG_WARN_DIRECT_OBJC_ISA_USAGE = YES_ERROR;
				CLANG_WARN_DOCUMENTATION_COMMENTS = YES;
				CLANG_WARN_EMPTY_BODY = YES;
				CLANG_WARN_ENUM_CONVERSION = YES;
				CLANG_WARN_INFINITE_RECURSION = YES;
				CLANG_WARN_INT_CONVERSION = YES;
				CLANG_WARN_OBJC_ROOT_CLASS = YES_ERROR;
				CLANG_WARN_SUSPICIOUS_MOVE = YES;
				CLANG_WARN_UNREACHABLE_CODE = YES;
				CLANG_WARN__DUPLICATE_METHOD_MATCH = YES;
				"CODE_SIGN_IDENTITY[sdk=iphoneos*]" = "iPhone Developer";
				COPY_PHASE_STRIP = NO;
				DEBUG_INFORMATION_FORMAT = "dwarf-with-dsym";
				ENABLE_NS_ASSERTIONS = NO;
				ENABLE_STRICT_OBJC_MSGSEND = YES;
				GCC_C_LANGUAGE_STANDARD = gnu99;
				GCC_NO_COMMON_BLOCKS = YES;
				GCC_WARN_64_TO_32_BIT_CONVERSION = YES;
				GCC_WARN_ABOUT_RETURN_TYPE = YES_ERROR;
				GCC_WARN_UNDECLARED_SELECTOR = YES;
				GCC_WARN_UNINITIALIZED_AUTOS = YES_AGGRESSIVE;
				GCC_WARN_UNUSED_FUNCTION = YES;
				GCC_WARN_UNUSED_VARIABLE = YES;
				IPHONEOS_DEPLOYMENT_TARGET = 10.3;
				MTL_ENABLE_DEBUG_INFO = NO;
				SDKROOT = iphoneos;
				SWIFT_OPTIMIZATION_LEVEL = "-Owholemodule";
				TARGETED_DEVICE_FAMILY = 2;
				VALIDATE_PRODUCT = YES;
			};
			name = Release;
		};
		B699E14A1ED387B80023D378 /* Debug */ = {
			isa = XCBuildConfiguration;
			baseConfigurationReference = 59D31B8F39243EEC0256554E /* Pods-InVisionSwift.debug.xcconfig */;
			buildSettings = {
				ASSETCATALOG_COMPILER_APPICON_NAME = AppIcon;
				DEVELOPMENT_TEAM = 4N9DB5EG8S;
				INFOPLIST_FILE = InVisionSwift/Info.plist;
				IPHONEOS_DEPLOYMENT_TARGET = 9.1;
				LD_RUNPATH_SEARCH_PATHS = "$(inherited) @executable_path/Frameworks";
				PRODUCT_BUNDLE_IDENTIFIER = com.zaedo.superb;
				PRODUCT_NAME = "$(TARGET_NAME)";
				PROVISIONING_PROFILE = "82e7212f-15b3-40e0-b522-bfa1cf6ccaf5";
				PROVISIONING_PROFILE_SPECIFIER = SuperBTest;
				SWIFT_VERSION = 3.0;
				TARGETED_DEVICE_FAMILY = "1,2";
			};
			name = Debug;
		};
		B699E14B1ED387B80023D378 /* Release */ = {
			isa = XCBuildConfiguration;
			baseConfigurationReference = BCE1FB8B7249DEE7B51836E5 /* Pods-InVisionSwift.release.xcconfig */;
			buildSettings = {
				ASSETCATALOG_COMPILER_APPICON_NAME = AppIcon;
				DEVELOPMENT_TEAM = 4N9DB5EG8S;
				INFOPLIST_FILE = InVisionSwift/Info.plist;
				IPHONEOS_DEPLOYMENT_TARGET = 9.1;
				LD_RUNPATH_SEARCH_PATHS = "$(inherited) @executable_path/Frameworks";
				PRODUCT_BUNDLE_IDENTIFIER = com.zaedo.superb;
				PRODUCT_NAME = "$(TARGET_NAME)";
				PROVISIONING_PROFILE = "82e7212f-15b3-40e0-b522-bfa1cf6ccaf5";
				PROVISIONING_PROFILE_SPECIFIER = SuperBTest;
				SWIFT_VERSION = 3.0;
				TARGETED_DEVICE_FAMILY = "1,2";
			};
			name = Release;
		};
		B699E14D1ED387B80023D378 /* Debug */ = {
			isa = XCBuildConfiguration;
			baseConfigurationReference = C1C761A9D2C72E2E1B349654 /* Pods-InVisionSwiftTests.debug.xcconfig */;
			buildSettings = {
				ALWAYS_EMBED_SWIFT_STANDARD_LIBRARIES = YES;
				BUNDLE_LOADER = "$(TEST_HOST)";
				INFOPLIST_FILE = InVisionSwiftTests/Info.plist;
				LD_RUNPATH_SEARCH_PATHS = "$(inherited) @executable_path/Frameworks @loader_path/Frameworks";
				PRODUCT_BUNDLE_IDENTIFIER = com.mm.InVisionSwiftTests;
				PRODUCT_NAME = "$(TARGET_NAME)";
				SWIFT_VERSION = 3.0;
				TEST_HOST = "$(BUILT_PRODUCTS_DIR)/InVisionSwift.app/InVisionSwift";
			};
			name = Debug;
		};
		B699E14E1ED387B80023D378 /* Release */ = {
			isa = XCBuildConfiguration;
			baseConfigurationReference = 6EFAC98494ECBD1434249A65 /* Pods-InVisionSwiftTests.release.xcconfig */;
			buildSettings = {
				ALWAYS_EMBED_SWIFT_STANDARD_LIBRARIES = YES;
				BUNDLE_LOADER = "$(TEST_HOST)";
				INFOPLIST_FILE = InVisionSwiftTests/Info.plist;
				LD_RUNPATH_SEARCH_PATHS = "$(inherited) @executable_path/Frameworks @loader_path/Frameworks";
				PRODUCT_BUNDLE_IDENTIFIER = com.mm.InVisionSwiftTests;
				PRODUCT_NAME = "$(TARGET_NAME)";
				SWIFT_VERSION = 3.0;
				TEST_HOST = "$(BUILT_PRODUCTS_DIR)/InVisionSwift.app/InVisionSwift";
			};
			name = Release;
		};
		B699E1501ED387B80023D378 /* Debug */ = {
			isa = XCBuildConfiguration;
			baseConfigurationReference = 0797CFFFC41CF8767315BF91 /* Pods-InVisionSwiftUITests.debug.xcconfig */;
			buildSettings = {
				ALWAYS_EMBED_SWIFT_STANDARD_LIBRARIES = YES;
				INFOPLIST_FILE = InVisionSwiftUITests/Info.plist;
				LD_RUNPATH_SEARCH_PATHS = "$(inherited) @executable_path/Frameworks @loader_path/Frameworks";
				PRODUCT_BUNDLE_IDENTIFIER = com.mm.InVisionSwiftUITests;
				PRODUCT_NAME = "$(TARGET_NAME)";
				SWIFT_VERSION = 3.0;
				TEST_TARGET_NAME = InVisionSwift;
			};
			name = Debug;
		};
		B699E1511ED387B80023D378 /* Release */ = {
			isa = XCBuildConfiguration;
			baseConfigurationReference = 6414F686A9A898A9DFF6A9CB /* Pods-InVisionSwiftUITests.release.xcconfig */;
			buildSettings = {
				ALWAYS_EMBED_SWIFT_STANDARD_LIBRARIES = YES;
				INFOPLIST_FILE = InVisionSwiftUITests/Info.plist;
				LD_RUNPATH_SEARCH_PATHS = "$(inherited) @executable_path/Frameworks @loader_path/Frameworks";
				PRODUCT_BUNDLE_IDENTIFIER = com.mm.InVisionSwiftUITests;
				PRODUCT_NAME = "$(TARGET_NAME)";
				SWIFT_VERSION = 3.0;
				TEST_TARGET_NAME = InVisionSwift;
			};
			name = Release;
		};
/* End XCBuildConfiguration section */

/* Begin XCConfigurationList section */
		B699E11C1ED387B80023D378 /* Build configuration list for PBXProject "InVisionSwift" */ = {
			isa = XCConfigurationList;
			buildConfigurations = (
				B699E1471ED387B80023D378 /* Debug */,
				B699E1481ED387B80023D378 /* Release */,
			);
			defaultConfigurationIsVisible = 0;
			defaultConfigurationName = Release;
		};
		B699E1491ED387B80023D378 /* Build configuration list for PBXNativeTarget "InVisionSwift" */ = {
			isa = XCConfigurationList;
			buildConfigurations = (
				B699E14A1ED387B80023D378 /* Debug */,
				B699E14B1ED387B80023D378 /* Release */,
			);
			defaultConfigurationIsVisible = 0;
			defaultConfigurationName = Release;
		};
		B699E14C1ED387B80023D378 /* Build configuration list for PBXNativeTarget "InVisionSwiftTests" */ = {
			isa = XCConfigurationList;
			buildConfigurations = (
				B699E14D1ED387B80023D378 /* Debug */,
				B699E14E1ED387B80023D378 /* Release */,
			);
			defaultConfigurationIsVisible = 0;
			defaultConfigurationName = Release;
		};
		B699E14F1ED387B80023D378 /* Build configuration list for PBXNativeTarget "InVisionSwiftUITests" */ = {
			isa = XCConfigurationList;
			buildConfigurations = (
				B699E1501ED387B80023D378 /* Debug */,
				B699E1511ED387B80023D378 /* Release */,
			);
			defaultConfigurationIsVisible = 0;
			defaultConfigurationName = Release;
		};
/* End XCConfigurationList section */
	};
	rootObject = B699E1191ED387B80023D378 /* Project object */;
}
